[env]
zig = "0.15.0-dev.208+8acedfd5b"
gleam = "1.12.0"
gradle = "9.1.0"
node = "24.9.0"
npm = "11.6.2"
python = "3.13.7"
pip = "25.2"
rust = "1.90.0"
cargo = "1.90.0"
go = "1.25.2"

[notes]
generated = "2025-10-18T22:27:38.311947Z"
status = "buildable"
path = "/home/kirik/Code/_py/Stupid Dependency Solver/examples/polyglot-project"
